{
  "meteor": {},
  "dependencies": {
    "basePackages": {
      "collection-helpers": {},
      "iron-router": {},
      "googleAnalytics": {},
      "autoform": {},
      "single-page-login": {},
      "cloudinary": {},
      "mongodb-aggregation": {}
    },
    "packages": {
      "collection-helpers": {
        "git": "https://github.com/dburles/meteor-collection-helpers.git",
        "tag": "v0.2.4",
        "commit": "e10ac53aa03e9656ee8ecaff7b9054dcb3a8a791"
      },
      "iron-router": {
        "git": "https://github.com/EventedMind/iron-router.git",
        "tag": "v0.7.0",
        "commit": "05f34bc48c4cad9fdaa366c1ddcabe6980232ece"
      },
      "googleAnalytics": {
        "git": "https://github.com/yasaricli/googleAnalytics.git",
        "tag": "v0.0.8",
        "commit": "2c47f147d64554e870c7c02691d5c2efde040ee3"
      },
      "autoform": {
        "git": "https://github.com/aldeed/meteor-autoform.git",
        "tag": "v0.6.1",
        "commit": "5c0f36950c7ca91e91d4917a1b4209495151bf1b"
      },
      "single-page-login": {
        "git": "https://github.com/EtherPOS/single-page-login.git",
        "tag": "v0.1.6",
        "commit": "a79dd9aa5fc5c16f1b305e4414707337ef430942"
      },
      "cloudinary": {
        "git": "https://github.com/Lepozepo/cloudinary.git",
        "tag": "v1.0.3",
        "commit": "9b86d14947b936133cdf82f5ce065af406284236"
      },
      "mongodb-aggregation": {
        "git": "https://github.com/jhoxray/meteor-mongo-extensions.git",
        "tag": "v0.1.71",
        "commit": "da9661c47b3797cec062005f01f84a4723051438"
      },
      "blaze-layout": {
        "git": "https://github.com/EventedMind/blaze-layout.git",
        "tag": "v0.2.2",
        "commit": "8bc53798fe5965669ae67c72f91829fcfdceabfd"
      },
      "simple-schema": {
        "git": "https://github.com/aldeed/meteor-simple-schema.git",
        "tag": "v0.2.46",
        "commit": "30b5d3e08433fbbfe49f09845559bf3ca0ab9101"
      },
      "collection2": {
        "git": "https://github.com/aldeed/meteor-collection2.git",
        "tag": "v0.3.11",
        "commit": "7e970671305657678e8508d8107d5e6c5e158559"
      },
      "moment": {
        "git": "https://github.com/acreeger/meteor-moment.git",
        "tag": "v2.5.1",
        "commit": "8c9bc5d3fc96705057737cb9743d555417f6e551"
      }
    }
  }
}
